{
  "version": 4,
  "terraform_version": "1.14.3",
  "serial": 10,
  "lineage": "613427a1-d27e-af57-54d6-6c3a0426b2a4",
  "outputs": {},
  "resources": [
    {
      "module": "module.network",
      "mode": "managed",
      "type": "azurerm_resource_group",
      "name": "network_rg",
      "provider": "provider[\"registry.terraform.io/hashicorp/azurerm\"]",
      "instances": [
        {
          "schema_version": 0,
          "attributes": {
            "id": "/subscriptions/af002358-1c90-4cba-8f03-e88788990b14/resourceGroups/rg-network-dev",
            "location": "eastus",
            "managed_by": "",
            "name": "rg-network-dev",
            "tags": {},
            "timeouts": null
          },
          "sensitive_attributes": [],
          "identity_schema_version": 0,
          "identity": {
            "name": "rg-network-dev",
            "subscription_id": "af002358-1c90-4cba-8f03-e88788990b14"
          },
          "private": "eyJlMmJmYjczMC1lY2FhLTExZTYtOGY4OC0zNDM2M2JjN2M0YzAiOnsiY3JlYXRlIjo1NDAwMDAwMDAwMDAwLCJkZWxldGUiOjU0MDAwMDAwMDAwMDAsInJlYWQiOjMwMDAwMDAwMDAwMCwidXBkYXRlIjo1NDAwMDAwMDAwMDAwfX0="
        }
      ]
    },
    {
      "module": "module.network",
      "mode": "managed",
      "type": "azurerm_subnet",
      "name": "app_subnet",
      "provider": "provider[\"registry.terraform.io/hashicorp/azurerm\"]",
      "instances": [
        {
          "schema_version": 0,
          "attributes": {
            "address_prefixes": [
              "10.1.1.0/24"
            ],
            "default_outbound_access_enabled": true,
            "delegation": [],
            "id": "/subscriptions/af002358-1c90-4cba-8f03-e88788990b14/resourceGroups/rg-network-dev/providers/Microsoft.Network/virtualNetworks/spoke-vnet-dev/subnets/AppSubnet",
            "ip_address_pool": [],
            "name": "AppSubnet",
            "private_endpoint_network_policies": "Disabled",
            "private_link_service_network_policies_enabled": true,
            "resource_group_name": "rg-network-dev",
            "service_endpoint_policy_ids": null,
            "service_endpoints": null,
            "sharing_scope": "",
            "timeouts": null,
            "virtual_network_name": "spoke-vnet-dev"
          },
          "sensitive_attributes": [],
          "identity_schema_version": 0,
          "identity": {
            "name": "AppSubnet",
            "resource_group_name": "rg-network-dev",
            "subscription_id": "af002358-1c90-4cba-8f03-e88788990b14",
            "virtual_network_name": "spoke-vnet-dev"
          },
          "private": "eyJlMmJmYjczMC1lY2FhLTExZTYtOGY4OC0zNDM2M2JjN2M0YzAiOnsiY3JlYXRlIjoxODAwMDAwMDAwMDAwLCJkZWxldGUiOjE4MDAwMDAwMDAwMDAsInJlYWQiOjMwMDAwMDAwMDAwMCwidXBkYXRlIjoxODAwMDAwMDAwMDAwfX0=",
          "dependencies": [
            "module.network.azurerm_resource_group.network_rg",
            "module.network.azurerm_virtual_network.spoke_vnet"
          ]
        }
      ]
    },
    {
      "module": "module.network",
      "mode": "managed",
      "type": "azurerm_subnet",
      "name": "db_subnet",
      "provider": "provider[\"registry.terraform.io/hashicorp/azurerm\"]",
      "instances": [
        {
          "schema_version": 0,
          "attributes": {
            "address_prefixes": [
              "10.1.2.0/24"
            ],
            "default_outbound_access_enabled": true,
            "delegation": [],
            "id": "/subscriptions/af002358-1c90-4cba-8f03-e88788990b14/resourceGroups/rg-network-dev/providers/Microsoft.Network/virtualNetworks/spoke-vnet-dev/subnets/DbSubnet",
            "ip_address_pool": [],
            "name": "DbSubnet",
            "private_endpoint_network_policies": "Disabled",
            "private_link_service_network_policies_enabled": true,
            "resource_group_name": "rg-network-dev",
            "service_endpoint_policy_ids": null,
            "service_endpoints": null,
            "sharing_scope": "",
            "timeouts": null,
            "virtual_network_name": "spoke-vnet-dev"
          },
          "sensitive_attributes": [],
          "identity_schema_version": 0,
          "identity": {
            "name": "DbSubnet",
            "resource_group_name": "rg-network-dev",
            "subscription_id": "af002358-1c90-4cba-8f03-e88788990b14",
            "virtual_network_name": "spoke-vnet-dev"
          },
          "private": "eyJlMmJmYjczMC1lY2FhLTExZTYtOGY4OC0zNDM2M2JjN2M0YzAiOnsiY3JlYXRlIjoxODAwMDAwMDAwMDAwLCJkZWxldGUiOjE4MDAwMDAwMDAwMDAsInJlYWQiOjMwMDAwMDAwMDAwMCwidXBkYXRlIjoxODAwMDAwMDAwMDAwfX0=",
          "dependencies": [
            "module.network.azurerm_resource_group.network_rg",
            "module.network.azurerm_virtual_network.spoke_vnet"
          ]
        }
      ]
    },
    {
      "module": "module.network",
      "mode": "managed",
      "type": "azurerm_subnet",
      "name": "firewall_subnet",
      "provider": "provider[\"registry.terraform.io/hashicorp/azurerm\"]",
      "instances": [
        {
          "schema_version": 0,
          "attributes": {
            "address_prefixes": [
              "10.0.0.0/26"
            ],
            "default_outbound_access_enabled": true,
            "delegation": [],
            "id": "/subscriptions/af002358-1c90-4cba-8f03-e88788990b14/resourceGroups/rg-network-dev/providers/Microsoft.Network/virtualNetworks/hub-vnet-dev/subnets/AzureFirewallSubnet",
            "ip_address_pool": [],
            "name": "AzureFirewallSubnet",
            "private_endpoint_network_policies": "Disabled",
            "private_link_service_network_policies_enabled": true,
            "resource_group_name": "rg-network-dev",
            "service_endpoint_policy_ids": null,
            "service_endpoints": null,
            "sharing_scope": "",
            "timeouts": null,
            "virtual_network_name": "hub-vnet-dev"
          },
          "sensitive_attributes": [],
          "identity_schema_version": 0,
          "identity": {
            "name": "AzureFirewallSubnet",
            "resource_group_name": "rg-network-dev",
            "subscription_id": "af002358-1c90-4cba-8f03-e88788990b14",
            "virtual_network_name": "hub-vnet-dev"
          },
          "private": "eyJlMmJmYjczMC1lY2FhLTExZTYtOGY4OC0zNDM2M2JjN2M0YzAiOnsiY3JlYXRlIjoxODAwMDAwMDAwMDAwLCJkZWxldGUiOjE4MDAwMDAwMDAwMDAsInJlYWQiOjMwMDAwMDAwMDAwMCwidXBkYXRlIjoxODAwMDAwMDAwMDAwfX0=",
          "dependencies": [
            "module.network.azurerm_resource_group.network_rg",
            "module.network.azurerm_virtual_network.hub_vnet"
          ]
        }
      ]
    },
    {
      "module": "module.network",
      "mode": "managed",
      "type": "azurerm_subnet",
      "name": "jump_subnet",
      "provider": "provider[\"registry.terraform.io/hashicorp/azurerm\"]",
      "instances": [
        {
          "schema_version": 0,
          "attributes": {
            "address_prefixes": [
              "10.0.1.0/24"
            ],
            "default_outbound_access_enabled": true,
            "delegation": [],
            "id": "/subscriptions/af002358-1c90-4cba-8f03-e88788990b14/resourceGroups/rg-network-dev/providers/Microsoft.Network/virtualNetworks/hub-vnet-dev/subnets/JumpSubnet",
            "ip_address_pool": [],
            "name": "JumpSubnet",
            "private_endpoint_network_policies": "Disabled",
            "private_link_service_network_policies_enabled": true,
            "resource_group_name": "rg-network-dev",
            "service_endpoint_policy_ids": null,
            "service_endpoints": null,
            "sharing_scope": "",
            "timeouts": null,
            "virtual_network_name": "hub-vnet-dev"
          },
          "sensitive_attributes": [],
          "identity_schema_version": 0,
          "identity": {
            "name": "JumpSubnet",
            "resource_group_name": "rg-network-dev",
            "subscription_id": "af002358-1c90-4cba-8f03-e88788990b14",
            "virtual_network_name": "hub-vnet-dev"
          },
          "private": "eyJlMmJmYjczMC1lY2FhLTExZTYtOGY4OC0zNDM2M2JjN2M0YzAiOnsiY3JlYXRlIjoxODAwMDAwMDAwMDAwLCJkZWxldGUiOjE4MDAwMDAwMDAwMDAsInJlYWQiOjMwMDAwMDAwMDAwMCwidXBkYXRlIjoxODAwMDAwMDAwMDAwfX0=",
          "dependencies": [
            "module.network.azurerm_resource_group.network_rg",
            "module.network.azurerm_virtual_network.hub_vnet"
          ]
        }
      ]
    },
    {
      "module": "module.network",
      "mode": "managed",
      "type": "azurerm_virtual_network",
      "name": "hub_vnet",
      "provider": "provider[\"registry.terraform.io/hashicorp/azurerm\"]",
      "instances": [
        {
          "schema_version": 0,
          "attributes": {
            "address_space": [
              "10.0.0.0/16"
            ],
            "bgp_community": "",
            "ddos_protection_plan": [],
            "dns_servers": [],
            "edge_zone": "",
            "encryption": [],
            "flow_timeout_in_minutes": 0,
            "guid": "5d447712-89e2-4e9d-9617-5c2cfd52ede0",
            "id": "/subscriptions/af002358-1c90-4cba-8f03-e88788990b14/resourceGroups/rg-network-dev/providers/Microsoft.Network/virtualNetworks/hub-vnet-dev",
            "ip_address_pool": [],
            "location": "eastus",
            "name": "hub-vnet-dev",
            "private_endpoint_vnet_policies": "Disabled",
            "resource_group_name": "rg-network-dev",
            "subnet": [],
            "tags": null,
            "timeouts": null
          },
          "sensitive_attributes": [],
          "identity_schema_version": 0,
          "identity": {
            "name": "hub-vnet-dev",
            "resource_group_name": "rg-network-dev",
            "subscription_id": "af002358-1c90-4cba-8f03-e88788990b14"
          },
          "private": "eyJlMmJmYjczMC1lY2FhLTExZTYtOGY4OC0zNDM2M2JjN2M0YzAiOnsiY3JlYXRlIjoxODAwMDAwMDAwMDAwLCJkZWxldGUiOjE4MDAwMDAwMDAwMDAsInJlYWQiOjMwMDAwMDAwMDAwMCwidXBkYXRlIjoxODAwMDAwMDAwMDAwfX0=",
          "dependencies": [
            "module.network.azurerm_resource_group.network_rg"
          ]
        }
      ]
    },
    {
      "module": "module.network",
      "mode": "managed",
      "type": "azurerm_virtual_network",
      "name": "spoke_vnet",
      "provider": "provider[\"registry.terraform.io/hashicorp/azurerm\"]",
      "instances": [
        {
          "schema_version": 0,
          "attributes": {
            "address_space": [
              "10.1.0.0/16"
            ],
            "bgp_community": "",
            "ddos_protection_plan": [],
            "dns_servers": [],
            "edge_zone": "",
            "encryption": [],
            "flow_timeout_in_minutes": 0,
            "guid": "d9407720-ad85-4179-89a2-30865cc36087",
            "id": "/subscriptions/af002358-1c90-4cba-8f03-e88788990b14/resourceGroups/rg-network-dev/providers/Microsoft.Network/virtualNetworks/spoke-vnet-dev",
            "ip_address_pool": [],
            "location": "eastus",
            "name": "spoke-vnet-dev",
            "private_endpoint_vnet_policies": "Disabled",
            "resource_group_name": "rg-network-dev",
            "subnet": [],
            "tags": null,
            "timeouts": null
          },
          "sensitive_attributes": [],
          "identity_schema_version": 0,
          "identity": {
            "name": "spoke-vnet-dev",
            "resource_group_name": "rg-network-dev",
            "subscription_id": "af002358-1c90-4cba-8f03-e88788990b14"
          },
          "private": "eyJlMmJmYjczMC1lY2FhLTExZTYtOGY4OC0zNDM2M2JjN2M0YzAiOnsiY3JlYXRlIjoxODAwMDAwMDAwMDAwLCJkZWxldGUiOjE4MDAwMDAwMDAwMDAsInJlYWQiOjMwMDAwMDAwMDAwMCwidXBkYXRlIjoxODAwMDAwMDAwMDAwfX0=",
          "dependencies": [
            "module.network.azurerm_resource_group.network_rg"
          ]
        }
      ]
    },
    {
      "module": "module.network",
      "mode": "managed",
      "type": "azurerm_virtual_network_peering",
      "name": "hub_to_spoke",
      "provider": "provider[\"registry.terraform.io/hashicorp/azurerm\"]",
      "instances": [
        {
          "schema_version": 0,
          "attributes": {
            "allow_forwarded_traffic": false,
            "allow_gateway_transit": false,
            "allow_virtual_network_access": true,
            "id": "/subscriptions/af002358-1c90-4cba-8f03-e88788990b14/resourceGroups/rg-network-dev/providers/Microsoft.Network/virtualNetworks/hub-vnet-dev/virtualNetworkPeerings/hub-to-spoke",
            "local_subnet_names": null,
            "name": "hub-to-spoke",
            "only_ipv6_peering_enabled": false,
            "peer_complete_virtual_networks_enabled": true,
            "remote_subnet_names": null,
            "remote_virtual_network_id": "/subscriptions/af002358-1c90-4cba-8f03-e88788990b14/resourceGroups/rg-network-dev/providers/Microsoft.Network/virtualNetworks/spoke-vnet-dev",
            "resource_group_name": "rg-network-dev",
            "timeouts": null,
            "triggers": null,
            "use_remote_gateways": false,
            "virtual_network_name": "hub-vnet-dev"
          },
          "sensitive_attributes": [],
          "identity_schema_version": 0,
          "identity": {
            "name": "hub-to-spoke",
            "resource_group_name": "rg-network-dev",
            "subscription_id": "af002358-1c90-4cba-8f03-e88788990b14",
            "virtual_network_name": "hub-vnet-dev"
          },
          "private": "eyJlMmJmYjczMC1lY2FhLTExZTYtOGY4OC0zNDM2M2JjN2M0YzAiOnsiY3JlYXRlIjoxODAwMDAwMDAwMDAwLCJkZWxldGUiOjE4MDAwMDAwMDAwMDAsInJlYWQiOjMwMDAwMDAwMDAwMCwidXBkYXRlIjoxODAwMDAwMDAwMDAwfX0=",
          "dependencies": [
            "module.network.azurerm_resource_group.network_rg",
            "module.network.azurerm_virtual_network.hub_vnet",
            "module.network.azurerm_virtual_network.spoke_vnet"
          ]
        }
      ]
    },
    {
      "module": "module.network",
      "mode": "managed",
      "type": "azurerm_virtual_network_peering",
      "name": "spoke_to_hub",
      "provider": "provider[\"registry.terraform.io/hashicorp/azurerm\"]",
      "instances": [
        {
          "schema_version": 0,
          "attributes": {
            "allow_forwarded_traffic": false,
            "allow_gateway_transit": false,
            "allow_virtual_network_access": true,
            "id": "/subscriptions/af002358-1c90-4cba-8f03-e88788990b14/resourceGroups/rg-network-dev/providers/Microsoft.Network/virtualNetworks/spoke-vnet-dev/virtualNetworkPeerings/spoke-to-hub",
            "local_subnet_names": null,
            "name": "spoke-to-hub",
            "only_ipv6_peering_enabled": false,
            "peer_complete_virtual_networks_enabled": true,
            "remote_subnet_names": null,
            "remote_virtual_network_id": "/subscriptions/af002358-1c90-4cba-8f03-e88788990b14/resourceGroups/rg-network-dev/providers/Microsoft.Network/virtualNetworks/hub-vnet-dev",
            "resource_group_name": "rg-network-dev",
            "timeouts": null,
            "triggers": null,
            "use_remote_gateways": false,
            "virtual_network_name": "spoke-vnet-dev"
          },
          "sensitive_attributes": [],
          "identity_schema_version": 0,
          "identity": {
            "name": "spoke-to-hub",
            "resource_group_name": "rg-network-dev",
            "subscription_id": "af002358-1c90-4cba-8f03-e88788990b14",
            "virtual_network_name": "spoke-vnet-dev"
          },
          "private": "eyJlMmJmYjczMC1lY2FhLTExZTYtOGY4OC0zNDM2M2JjN2M0YzAiOnsiY3JlYXRlIjoxODAwMDAwMDAwMDAwLCJkZWxldGUiOjE4MDAwMDAwMDAwMDAsInJlYWQiOjMwMDAwMDAwMDAwMCwidXBkYXRlIjoxODAwMDAwMDAwMDAwfX0=",
          "dependencies": [
            "module.network.azurerm_resource_group.network_rg",
            "module.network.azurerm_virtual_network.hub_vnet",
            "module.network.azurerm_virtual_network.spoke_vnet"
          ]
        }
      ]
    }
  ],
  "check_results": null
}
